
Microsoft Visual Studio Solution File, Format Version 12.00
# Visual Studio Version 17
VisualStudioVersion = 17.1.32328.378
MinimumVisualStudioVersion = 10.0.40219.1
Project("{9A19103F-16F7-4668-BE54-9A1E7A4F7556}") = "MovieCollection.Domain", "MovieCollection.Domain\MovieCollection.Domain.csproj", "{6DF60010-E6A6-42C6-8ECC-C9E1001EF0C4}"
EndProject
Project("{9A19103F-16F7-4668-BE54-9A1E7A4F7556}") = "MovieCollection.Tests", "MovieCollection.Tests\MovieCollection.Tests.csproj", "{0D122482-0287-4DB3-B487-08C5163055A4}"
EndProject
Project("{9A19103F-16F7-4668-BE54-9A1E7A4F7556}") = "MovieCollection.Services", "MovieCollection.Services\MovieCollection.Services.csproj", "{CD620D2C-A451-4196-BE21-31D03F295BB9}"
EndProject
Project("{9A19103F-16F7-4668-BE54-9A1E7A4F7556}") = "MovieCollection.Repositories", "MovieCollection.Repositories\MovieCollection.Repositories.csproj", "{C15C9A80-2DB2-4C16-8C86-51E78C76121E}"
EndProject
Project("{9A19103F-16F7-4668-BE54-9A1E7A4F7556}") = "MovieCollection.WebApp.Server", "MovieCollection.BlazorClient\Server\MovieCollection.WebApp.Server.csproj", "{99D7FD20-3C36-4E3A-BC2A-0B6EF93F3BA1}"
EndProject
Project("{9A19103F-16F7-4668-BE54-9A1E7A4F7556}") = "MovieCollection.WebApp.Client", "MovieCollection.BlazorClient\Client\MovieCollection.WebApp.Client.csproj", "{0F8FAA01-C5DB-4DC2-AFAB-8A5F3F89EBAE}"
EndProject
Global
	GlobalSection(SolutionConfigurationPlatforms) = preSolution
		Debug|Any CPU = Debug|Any CPU
		Release|Any CPU = Release|Any CPU
	EndGlobalSection
	GlobalSection(ProjectConfigurationPlatforms) = postSolution
		{6DF60010-E6A6-42C6-8ECC-C9E1001EF0C4}.Debug|Any CPU.ActiveCfg = Debug|Any CPU
		{6DF60010-E6A6-42C6-8ECC-C9E1001EF0C4}.Debug|Any CPU.Build.0 = Debug|Any CPU
		{6DF60010-E6A6-42C6-8ECC-C9E1001EF0C4}.Release|Any CPU.ActiveCfg = Release|Any CPU
		{6DF60010-E6A6-42C6-8ECC-C9E1001EF0C4}.Release|Any CPU.Build.0 = Release|Any CPU
		{0D122482-0287-4DB3-B487-08C5163055A4}.Debug|Any CPU.ActiveCfg = Debug|Any CPU
		{0D122482-0287-4DB3-B487-08C5163055A4}.Debug|Any CPU.Build.0 = Debug|Any CPU
		{0D122482-0287-4DB3-B487-08C5163055A4}.Release|Any CPU.ActiveCfg = Release|Any CPU
		{0D122482-0287-4DB3-B487-08C5163055A4}.Release|Any CPU.Build.0 = Release|Any CPU
		{CD620D2C-A451-4196-BE21-31D03F295BB9}.Debug|Any CPU.ActiveCfg = Debug|Any CPU
		{CD620D2C-A451-4196-BE21-31D03F295BB9}.Debug|Any CPU.Build.0 = Debug|Any CPU
		{CD620D2C-A451-4196-BE21-31D03F295BB9}.Release|Any CPU.ActiveCfg = Release|Any CPU
		{CD620D2C-A451-4196-BE21-31D03F295BB9}.Release|Any CPU.Build.0 = Release|Any CPU
		{C15C9A80-2DB2-4C16-8C86-51E78C76121E}.Debug|Any CPU.ActiveCfg = Debug|Any CPU
		{C15C9A80-2DB2-4C16-8C86-51E78C76121E}.Debug|Any CPU.Build.0 = Debug|Any CPU
		{C15C9A80-2DB2-4C16-8C86-51E78C76121E}.Release|Any CPU.ActiveCfg = Release|Any CPU
		{C15C9A80-2DB2-4C16-8C86-51E78C76121E}.Release|Any CPU.Build.0 = Release|Any CPU
		{99D7FD20-3C36-4E3A-BC2A-0B6EF93F3BA1}.Debug|Any CPU.ActiveCfg = Debug|Any CPU
		{99D7FD20-3C36-4E3A-BC2A-0B6EF93F3BA1}.Debug|Any CPU.Build.0 = Debug|Any CPU
		{99D7FD20-3C36-4E3A-BC2A-0B6EF93F3BA1}.Release|Any CPU.ActiveCfg = Release|Any CPU
		{99D7FD20-3C36-4E3A-BC2A-0B6EF93F3BA1}.Release|Any CPU.Build.0 = Release|Any CPU
		{0F8FAA01-C5DB-4DC2-AFAB-8A5F3F89EBAE}.Debug|Any CPU.ActiveCfg = Debug|Any CPU
		{0F8FAA01-C5DB-4DC2-AFAB-8A5F3F89EBAE}.Debug|Any CPU.Build.0 = Debug|Any CPU
		{0F8FAA01-C5DB-4DC2-AFAB-8A5F3F89EBAE}.Release|Any CPU.ActiveCfg = Release|Any CPU
		{0F8FAA01-C5DB-4DC2-AFAB-8A5F3F89EBAE}.Release|Any CPU.Build.0 = Release|Any CPU
	EndGlobalSection
	GlobalSection(SolutionProperties) = preSolution
		HideSolutionNode = FALSE
	EndGlobalSection
	GlobalSection(ExtensibilityGlobals) = postSolution
		SolutionGuid = {3C1BDC12-D39C-4BE0-9B8C-36E76D174712}
	EndGlobalSection
EndGlobal
